
Microsoft Visual Studio Solution File, Format Version 12.00
# Visual Studio Version 16
VisualStudioVersion = 16.0.30406.217
MinimumVisualStudioVersion = 10.0.40219.1
Project("{9A19103F-16F7-4668-BE54-9A1E7A4F7556}") = "MyShop.Domain", "MyShop.Entity\MyShop.Domain.csproj", "{0488CA3A-4BB2-4C7C-BD02-4D4A1E880029}"
EndProject
Project("{9A19103F-16F7-4668-BE54-9A1E7A4F7556}") = "MyShop.Application.Contract", "MyShop.Application.Contract\MyShop.Application.Contract.csproj", "{C25A567F-AEC2-408F-B327-A9C82EA45E10}"
EndProject
Project("{9A19103F-16F7-4668-BE54-9A1E7A4F7556}") = "MyShop.Application", "MyShop.Application\MyShop.Application.csproj", "{EEE44B69-C32B-4782-8A63-AF4CB1468E19}"
EndProject
Project("{9A19103F-16F7-4668-BE54-9A1E7A4F7556}") = "MyShop.Api", "MyShop.Api\MyShop.Api.csproj", "{80461049-1290-4DF4-9C4B-9AAA25257A61}"
EndProject
Project("{9A19103F-16F7-4668-BE54-9A1E7A4F7556}") = "MyShop.EntityFrameworkCore", "MyShop.EntityFrameworkCore\MyShop.EntityFrameworkCore.csproj", "{E0D11ED5-D84C-40B8-9627-34FDA921537B}"
EndProject
Project("{9A19103F-16F7-4668-BE54-9A1E7A4F7556}") = "MyShop.EntityFrameworkCore.DbMigration", "MyShop.EntityFrameworkCore.DbMigration\MyShop.EntityFrameworkCore.DbMigration.csproj", "{F6B6B00C-0137-44BA-AF4E-4979761B7926}"
EndProject
Global
	GlobalSection(SolutionConfigurationPlatforms) = preSolution
		Debug|Any CPU = Debug|Any CPU
		Release|Any CPU = Release|Any CPU
	EndGlobalSection
	GlobalSection(ProjectConfigurationPlatforms) = postSolution
		{0488CA3A-4BB2-4C7C-BD02-4D4A1E880029}.Debug|Any CPU.ActiveCfg = Debug|Any CPU
		{0488CA3A-4BB2-4C7C-BD02-4D4A1E880029}.Debug|Any CPU.Build.0 = Debug|Any CPU
		{0488CA3A-4BB2-4C7C-BD02-4D4A1E880029}.Release|Any CPU.ActiveCfg = Release|Any CPU
		{0488CA3A-4BB2-4C7C-BD02-4D4A1E880029}.Release|Any CPU.Build.0 = Release|Any CPU
		{C25A567F-AEC2-408F-B327-A9C82EA45E10}.Debug|Any CPU.ActiveCfg = Debug|Any CPU
		{C25A567F-AEC2-408F-B327-A9C82EA45E10}.Debug|Any CPU.Build.0 = Debug|Any CPU
		{C25A567F-AEC2-408F-B327-A9C82EA45E10}.Release|Any CPU.ActiveCfg = Release|Any CPU
		{C25A567F-AEC2-408F-B327-A9C82EA45E10}.Release|Any CPU.Build.0 = Release|Any CPU
		{EEE44B69-C32B-4782-8A63-AF4CB1468E19}.Debug|Any CPU.ActiveCfg = Debug|Any CPU
		{EEE44B69-C32B-4782-8A63-AF4CB1468E19}.Debug|Any CPU.Build.0 = Debug|Any CPU
		{EEE44B69-C32B-4782-8A63-AF4CB1468E19}.Release|Any CPU.ActiveCfg = Release|Any CPU
		{EEE44B69-C32B-4782-8A63-AF4CB1468E19}.Release|Any CPU.Build.0 = Release|Any CPU
		{80461049-1290-4DF4-9C4B-9AAA25257A61}.Debug|Any CPU.ActiveCfg = Debug|Any CPU
		{80461049-1290-4DF4-9C4B-9AAA25257A61}.Debug|Any CPU.Build.0 = Debug|Any CPU
		{80461049-1290-4DF4-9C4B-9AAA25257A61}.Release|Any CPU.ActiveCfg = Release|Any CPU
		{80461049-1290-4DF4-9C4B-9AAA25257A61}.Release|Any CPU.Build.0 = Release|Any CPU
		{E0D11ED5-D84C-40B8-9627-34FDA921537B}.Debug|Any CPU.ActiveCfg = Debug|Any CPU
		{E0D11ED5-D84C-40B8-9627-34FDA921537B}.Debug|Any CPU.Build.0 = Debug|Any CPU
		{E0D11ED5-D84C-40B8-9627-34FDA921537B}.Release|Any CPU.ActiveCfg = Release|Any CPU
		{E0D11ED5-D84C-40B8-9627-34FDA921537B}.Release|Any CPU.Build.0 = Release|Any CPU
		{F6B6B00C-0137-44BA-AF4E-4979761B7926}.Debug|Any CPU.ActiveCfg = Debug|Any CPU
		{F6B6B00C-0137-44BA-AF4E-4979761B7926}.Debug|Any CPU.Build.0 = Debug|Any CPU
		{F6B6B00C-0137-44BA-AF4E-4979761B7926}.Release|Any CPU.ActiveCfg = Release|Any CPU
		{F6B6B00C-0137-44BA-AF4E-4979761B7926}.Release|Any CPU.Build.0 = Release|Any CPU
	EndGlobalSection
	GlobalSection(SolutionProperties) = preSolution
		HideSolutionNode = FALSE
	EndGlobalSection
	GlobalSection(ExtensibilityGlobals) = postSolution
		SolutionGuid = {3EDFE28B-06BF-43F8-843A-2BC733CE82F8}
	EndGlobalSection
EndGlobal
